github.com/DATA-DOG/go-sqlmock v1.5.0 h1:Shsta01QNfFxHCfpW6YH2STWB0MudeXXEWMr20OEh60=
github.com/DATA-DOG/go-sqlmock v1.5.0/go.mod h1:f/Ixk793poVmq4qj/V1dPUg2JEAKC73Q5eFN3EC/SaM=
github.com/JamesStewy/go-mysqldump v0.2.2 h1:tMtZDnIi2hz6H3Nna0TPhvWfBZlXe4i7vkjc5Vd8Gdo=
github.com/JamesStewy/go-mysqldump v0.2.2/go.mod h1:JuJhv4dTbe2OQpABlwqj0B+6E9VLjGLG1t4NJRTcB3w=
github.com/go-sql-driver/mysql v1.6.0 h1:BCTh4TKNUYmOmMUcQ3IipzF5prigylS7XXjEkfCHuOE=
github.com/go-sql-driver/mysql v1.6.0/go.mod h1:DCzpHaOWr8IXmIStZouvnhqoel9Qv2LBy8hT2VhHyBg=
